
Microsoft Visual Studio Solution File, Format Version 12.00
# Visual Studio 14
VisualStudioVersion = 14.0.25420.1
MinimumVisualStudioVersion = 10.0.40219.1
Project("{FAE04EC0-301F-11D3-BF4B-00C04F79EFBC}") = "TMN.Client", "TMN.Client\TMN.Client.csproj", "{3547C596-4484-44B1-94E7-DFEFDE1C5EC5}"
EndProject
Project("{FAE04EC0-301F-11D3-BF4B-00C04F79EFBC}") = "TMN.Common", "TMN.Common\TMN.Common.csproj", "{EC843D73-217F-43E8-BDD4-BA1E7C16415E}"
EndProject
Project("{FAE04EC0-301F-11D3-BF4B-00C04F79EFBC}") = "TMN.Model", "TMN.Model\TMN.Model.csproj", "{D822965E-8830-4021-9F33-450A2F47A713}"
EndProject
Project("{FAE04EC0-301F-11D3-BF4B-00C04F79EFBC}") = "LicenseMaker", "LicenseMaker\LicenseMaker.csproj", "{30F61554-14A1-46E0-9DF1-5E73C332FE81}"
EndProject
Project("{FAE04EC0-301F-11D3-BF4B-00C04F79EFBC}") = "TMN.Updater", "TMNUpdater\TMN.Updater.csproj", "{D3387F55-F214-41F7-9B6E-D4776C653BF1}"
EndProject
Project("{FAE04EC0-301F-11D3-BF4B-00C04F79EFBC}") = "ServerConfigurationManager", "TmnServerConfigurationManager\ServerConfigurationManager.csproj", "{673D3B36-4757-4904-9C27-E3D5C5E507F5}"
EndProject
Project("{FAE04EC0-301F-11D3-BF4B-00C04F79EFBC}") = "EwsdAlarmService", "Services\TMN.EwsdAlarmService\EwsdAlarmService.csproj", "{5E59EA6D-F2DC-4BD3-804D-41A9558FF04A}"
EndProject
Project("{2150E333-8FDC-42A3-9474-1A3956D46DE8}") = "Services", "Services", "{8194EA1B-4895-4E48-A822-F4E62947DB51}"
EndProject
Project("{FAE04EC0-301F-11D3-BF4B-00C04F79EFBC}") = "HuaweiAlarmService", "Services\TMN.HuaweiAlarmService\HuaweiAlarmService.csproj", "{6F0371D0-0BFE-4F60-922A-025BAED7E2AB}"
EndProject
Project("{FAE04EC0-301F-11D3-BF4B-00C04F79EFBC}") = "SensorService", "Services\TMN.SensorService\SensorService.csproj", "{39244D92-E19E-485E-91D8-27F77318C538}"
EndProject
Project("{FAE04EC0-301F-11D3-BF4B-00C04F79EFBC}") = "CarinAlarmService", "Services\TMN.CarinAlarmService\CarinAlarmService.csproj", "{C3AC7280-48A6-4E4D-A8D3-BFE3AA157D63}"
EndProject
Project("{FAE04EC0-301F-11D3-BF4B-00C04F79EFBC}") = "MaintenanceService", "Services\TMN.MaintenanceService\MaintenanceService.csproj", "{DB6622A6-81EF-4224-B923-B0786774251A}"
EndProject
Project("{FAE04EC0-301F-11D3-BF4B-00C04F79EFBC}") = "NeaxAlarmService", "Services\TMN.NeaxAlarmService\NeaxAlarmService.csproj", "{B52499B0-F94D-47BB-8D45-C7480F2A4635}"
EndProject
Project("{FAE04EC0-301F-11D3-BF4B-00C04F79EFBC}") = "ServiceCommon", "Services\TMN.ServiceCommon\ServiceCommon.csproj", "{6E4B8294-DD9F-4237-8B80-57EA64B37183}"
EndProject
Project("{FAE04EC0-301F-11D3-BF4B-00C04F79EFBC}") = "S12AlarmService", "Services\TMN.S12AlarmService\S12AlarmService.csproj", "{D80F65B2-445B-4354-854D-BC2B2420E841}"
EndProject
Project("{FAE04EC0-301F-11D3-BF4B-00C04F79EFBC}") = "Resources", "Resources\Resources.csproj", "{C76E48B7-6901-4911-B227-05A1D4ED051E}"
EndProject
Project("{FAE04EC0-301F-11D3-BF4B-00C04F79EFBC}") = "EricssonAlarmService", "Services\TMN.EricssonAlarmService\EricssonAlarmService.csproj", "{80137B1D-0935-41BA-8669-72675A86614E}"
EndProject
Project("{FAE04EC0-301F-11D3-BF4B-00C04F79EFBC}") = "TMN.Reporting", "TMN.Reporting\TMN.Reporting.csproj", "{62FFB6DC-D03F-433D-B0D4-8CC1FBCA4F62}"
EndProject
Project("{FAE04EC0-301F-11D3-BF4B-00C04F79EFBC}") = "TMN.Converters", "TMN.Converters\TMN.Converters.csproj", "{1BBC56BE-623F-423D-AB80-6EE599356D6D}"
EndProject
Project("{FAE04EC0-301F-11D3-BF4B-00C04F79EFBC}") = "TMN.Config", "TMN.Config\TMN.Config.csproj", "{F2CF4237-26B0-4785-8897-F762C4092D09}"
EndProject
Project("{FAE04EC0-301F-11D3-BF4B-00C04F79EFBC}") = "KaraPlusAlarmService", "Services\TMN.KaraPlusAlarmService\KaraPlusAlarmService.csproj", "{9DE36EB2-437D-4F94-97E2-9585F98A5AB8}"
EndProject
Project("{2150E333-8FDC-42A3-9474-1A3956D46DE8}") = "Public", "Public", "{1210E9E8-BFD2-4B7C-9E05-08CDDB25EC4D}"
EndProject
Project("{2150E333-8FDC-42A3-9474-1A3956D46DE8}") = "Extended", "Extended", "{AF02365E-79DA-466D-9F4B-4E8F072D3623}"
EndProject
Project("{2150E333-8FDC-42A3-9474-1A3956D46DE8}") = "Public", "Public", "{F143562D-E938-4039-87CF-E19510B44BCE}"
EndProject
Project("{FAE04EC0-301F-11D3-BF4B-00C04F79EFBC}") = "KaraAlarmService", "Services\TMN.KaraAlarmService\KaraAlarmService.csproj", "{E0261AE5-6224-474C-874A-6DA45140FC40}"
EndProject
Project("{FAE04EC0-301F-11D3-BF4B-00C04F79EFBC}") = "ServiceManagementUtility", "Services\ServiceManagementUtility\ServiceManagementUtility.csproj", "{80CA96E0-9A27-4DCA-853F-1C9C4F31C098}"
EndProject
Global
	GlobalSection(SolutionConfigurationPlatforms) = preSolution
		Debug|Any CPU = Debug|Any CPU
		Debug|Mixed Platforms = Debug|Mixed Platforms
		Debug|x64 = Debug|x64
		Debug|x86 = Debug|x86
		Release|Any CPU = Release|Any CPU
		Release|Mixed Platforms = Release|Mixed Platforms
		Release|x64 = Release|x64
		Release|x86 = Release|x86
	EndGlobalSection
	GlobalSection(ProjectConfigurationPlatforms) = postSolution
		{3547C596-4484-44B1-94E7-DFEFDE1C5EC5}.Debug|Any CPU.ActiveCfg = Debug|Any CPU
		{3547C596-4484-44B1-94E7-DFEFDE1C5EC5}.Debug|Any CPU.Build.0 = Debug|Any CPU
		{3547C596-4484-44B1-94E7-DFEFDE1C5EC5}.Debug|Mixed Platforms.ActiveCfg = Debug|Any CPU
		{3547C596-4484-44B1-94E7-DFEFDE1C5EC5}.Debug|Mixed Platforms.Build.0 = Debug|Any CPU
		{3547C596-4484-44B1-94E7-DFEFDE1C5EC5}.Debug|x64.ActiveCfg = Debug|Any CPU
		{3547C596-4484-44B1-94E7-DFEFDE1C5EC5}.Debug|x86.ActiveCfg = Debug|Any CPU
		{3547C596-4484-44B1-94E7-DFEFDE1C5EC5}.Release|Any CPU.ActiveCfg = Release|Any CPU
		{3547C596-4484-44B1-94E7-DFEFDE1C5EC5}.Release|Any CPU.Build.0 = Release|Any CPU
		{3547C596-4484-44B1-94E7-DFEFDE1C5EC5}.Release|Mixed Platforms.ActiveCfg = Release|Any CPU
		{3547C596-4484-44B1-94E7-DFEFDE1C5EC5}.Release|Mixed Platforms.Build.0 = Release|Any CPU
		{3547C596-4484-44B1-94E7-DFEFDE1C5EC5}.Release|x64.ActiveCfg = Release|x64
		{3547C596-4484-44B1-94E7-DFEFDE1C5EC5}.Release|x64.Build.0 = Release|x64
		{3547C596-4484-44B1-94E7-DFEFDE1C5EC5}.Release|x86.ActiveCfg = Release|Any CPU
		{EC843D73-217F-43E8-BDD4-BA1E7C16415E}.Debug|Any CPU.ActiveCfg = Debug|Any CPU
		{EC843D73-217F-43E8-BDD4-BA1E7C16415E}.Debug|Any CPU.Build.0 = Debug|Any CPU
		{EC843D73-217F-43E8-BDD4-BA1E7C16415E}.Debug|Mixed Platforms.ActiveCfg = Debug|Any CPU
		{EC843D73-217F-43E8-BDD4-BA1E7C16415E}.Debug|Mixed Platforms.Build.0 = Debug|Any CPU
		{EC843D73-217F-43E8-BDD4-BA1E7C16415E}.Debug|x64.ActiveCfg = Debug|Any CPU
		{EC843D73-217F-43E8-BDD4-BA1E7C16415E}.Debug|x86.ActiveCfg = Debug|Any CPU
		{EC843D73-217F-43E8-BDD4-BA1E7C16415E}.Release|Any CPU.ActiveCfg = Release|Any CPU
		{EC843D73-217F-43E8-BDD4-BA1E7C16415E}.Release|Any CPU.Build.0 = Release|Any CPU
		{EC843D73-217F-43E8-BDD4-BA1E7C16415E}.Release|Mixed Platforms.ActiveCfg = Release|Any CPU
		{EC843D73-217F-43E8-BDD4-BA1E7C16415E}.Release|Mixed Platforms.Build.0 = Release|Any CPU
		{EC843D73-217F-43E8-BDD4-BA1E7C16415E}.Release|x64.ActiveCfg = Release|Any CPU
		{EC843D73-217F-43E8-BDD4-BA1E7C16415E}.Release|x86.ActiveCfg = Release|Any CPU
		{D822965E-8830-4021-9F33-450A2F47A713}.Debug|Any CPU.ActiveCfg = Debug|Any CPU
		{D822965E-8830-4021-9F33-450A2F47A713}.Debug|Any CPU.Build.0 = Debug|Any CPU
		{D822965E-8830-4021-9F33-450A2F47A713}.Debug|Mixed Platforms.ActiveCfg = Debug|Any CPU
		{D822965E-8830-4021-9F33-450A2F47A713}.Debug|Mixed Platforms.Build.0 = Debug|Any CPU
		{D822965E-8830-4021-9F33-450A2F47A713}.Debug|x64.ActiveCfg = Debug|Any CPU
		{D822965E-8830-4021-9F33-450A2F47A713}.Debug|x86.ActiveCfg = Debug|Any CPU
		{D822965E-8830-4021-9F33-450A2F47A713}.Release|Any CPU.ActiveCfg = Release|Any CPU
		{D822965E-8830-4021-9F33-450A2F47A713}.Release|Any CPU.Build.0 = Release|Any CPU
		{D822965E-8830-4021-9F33-450A2F47A713}.Release|Mixed Platforms.ActiveCfg = Release|Any CPU
		{D822965E-8830-4021-9F33-450A2F47A713}.Release|Mixed Platforms.Build.0 = Release|Any CPU
		{D822965E-8830-4021-9F33-450A2F47A713}.Release|x64.ActiveCfg = Release|Any CPU
		{D822965E-8830-4021-9F33-450A2F47A713}.Release|x86.ActiveCfg = Release|Any CPU
		{30F61554-14A1-46E0-9DF1-5E73C332FE81}.Debug|Any CPU.ActiveCfg = Debug|x86
		{30F61554-14A1-46E0-9DF1-5E73C332FE81}.Debug|Mixed Platforms.ActiveCfg = Debug|x86
		{30F61554-14A1-46E0-9DF1-5E73C332FE81}.Debug|x64.ActiveCfg = Debug|x86
		{30F61554-14A1-46E0-9DF1-5E73C332FE81}.Debug|x86.ActiveCfg = Debug|x86
		{30F61554-14A1-46E0-9DF1-5E73C332FE81}.Debug|x86.Build.0 = Debug|x86
		{30F61554-14A1-46E0-9DF1-5E73C332FE81}.Release|Any CPU.ActiveCfg = Release|x86
		{30F61554-14A1-46E0-9DF1-5E73C332FE81}.Release|Mixed Platforms.ActiveCfg = Release|x86
		{30F61554-14A1-46E0-9DF1-5E73C332FE81}.Release|Mixed Platforms.Build.0 = Release|x86
		{30F61554-14A1-46E0-9DF1-5E73C332FE81}.Release|x64.ActiveCfg = Release|x86
		{30F61554-14A1-46E0-9DF1-5E73C332FE81}.Release|x86.ActiveCfg = Release|x86
		{30F61554-14A1-46E0-9DF1-5E73C332FE81}.Release|x86.Build.0 = Release|x86
		{D3387F55-F214-41F7-9B6E-D4776C653BF1}.Debug|Any CPU.ActiveCfg = Debug|x86
		{D3387F55-F214-41F7-9B6E-D4776C653BF1}.Debug|Mixed Platforms.ActiveCfg = Debug|x86
		{D3387F55-F214-41F7-9B6E-D4776C653BF1}.Debug|x64.ActiveCfg = Debug|x86
		{D3387F55-F214-41F7-9B6E-D4776C653BF1}.Debug|x86.ActiveCfg = Debug|x86
		{D3387F55-F214-41F7-9B6E-D4776C653BF1}.Debug|x86.Build.0 = Debug|x86
		{D3387F55-F214-41F7-9B6E-D4776C653BF1}.Release|Any CPU.ActiveCfg = Release|x86
		{D3387F55-F214-41F7-9B6E-D4776C653BF1}.Release|Mixed Platforms.ActiveCfg = Release|x86
		{D3387F55-F214-41F7-9B6E-D4776C653BF1}.Release|Mixed Platforms.Build.0 = Release|x86
		{D3387F55-F214-41F7-9B6E-D4776C653BF1}.Release|x64.ActiveCfg = Release|x86
		{D3387F55-F214-41F7-9B6E-D4776C653BF1}.Release|x86.ActiveCfg = Release|x86
		{D3387F55-F214-41F7-9B6E-D4776C653BF1}.Release|x86.Build.0 = Release|x86
		{673D3B36-4757-4904-9C27-E3D5C5E507F5}.Debug|Any CPU.ActiveCfg = Debug|x86
		{673D3B36-4757-4904-9C27-E3D5C5E507F5}.Debug|Mixed Platforms.ActiveCfg = Debug|x86
		{673D3B36-4757-4904-9C27-E3D5C5E507F5}.Debug|x64.ActiveCfg = Debug|x86
		{673D3B36-4757-4904-9C27-E3D5C5E507F5}.Debug|x86.ActiveCfg = Debug|x86
		{673D3B36-4757-4904-9C27-E3D5C5E507F5}.Debug|x86.Build.0 = Debug|x86
		{673D3B36-4757-4904-9C27-E3D5C5E507F5}.Release|Any CPU.ActiveCfg = Release|x86
		{673D3B36-4757-4904-9C27-E3D5C5E507F5}.Release|Mixed Platforms.ActiveCfg = Release|x86
		{673D3B36-4757-4904-9C27-E3D5C5E507F5}.Release|Mixed Platforms.Build.0 = Release|x86
		{673D3B36-4757-4904-9C27-E3D5C5E507F5}.Release|x64.ActiveCfg = Release|x86
		{673D3B36-4757-4904-9C27-E3D5C5E507F5}.Release|x86.ActiveCfg = Release|x86
		{673D3B36-4757-4904-9C27-E3D5C5E507F5}.Release|x86.Build.0 = Release|x86
		{5E59EA6D-F2DC-4BD3-804D-41A9558FF04A}.Debug|Any CPU.ActiveCfg = Debug|x86
		{5E59EA6D-F2DC-4BD3-804D-41A9558FF04A}.Debug|Mixed Platforms.ActiveCfg = Debug|x86
		{5E59EA6D-F2DC-4BD3-804D-41A9558FF04A}.Debug|x64.ActiveCfg = Debug|x86
		{5E59EA6D-F2DC-4BD3-804D-41A9558FF04A}.Debug|x86.ActiveCfg = Debug|x86
		{5E59EA6D-F2DC-4BD3-804D-41A9558FF04A}.Debug|x86.Build.0 = Debug|x86
		{5E59EA6D-F2DC-4BD3-804D-41A9558FF04A}.Release|Any CPU.ActiveCfg = Release|x86
		{5E59EA6D-F2DC-4BD3-804D-41A9558FF04A}.Release|Mixed Platforms.ActiveCfg = Release|x86
		{5E59EA6D-F2DC-4BD3-804D-41A9558FF04A}.Release|Mixed Platforms.Build.0 = Release|x86
		{5E59EA6D-F2DC-4BD3-804D-41A9558FF04A}.Release|x64.ActiveCfg = Release|x86
		{5E59EA6D-F2DC-4BD3-804D-41A9558FF04A}.Release|x86.ActiveCfg = Release|x86
		{5E59EA6D-F2DC-4BD3-804D-41A9558FF04A}.Release|x86.Build.0 = Release|x86
		{6F0371D0-0BFE-4F60-922A-025BAED7E2AB}.Debug|Any CPU.ActiveCfg = Debug|x86
		{6F0371D0-0BFE-4F60-922A-025BAED7E2AB}.Debug|Mixed Platforms.ActiveCfg = Debug|x86
		{6F0371D0-0BFE-4F60-922A-025BAED7E2AB}.Debug|x64.ActiveCfg = Debug|x86
		{6F0371D0-0BFE-4F60-922A-025BAED7E2AB}.Debug|x86.ActiveCfg = Debug|x86
		{6F0371D0-0BFE-4F60-922A-025BAED7E2AB}.Debug|x86.Build.0 = Debug|x86
		{6F0371D0-0BFE-4F60-922A-025BAED7E2AB}.Release|Any CPU.ActiveCfg = Release|x86
		{6F0371D0-0BFE-4F60-922A-025BAED7E2AB}.Release|Mixed Platforms.ActiveCfg = Release|x86
		{6F0371D0-0BFE-4F60-922A-025BAED7E2AB}.Release|Mixed Platforms.Build.0 = Release|x86
		{6F0371D0-0BFE-4F60-922A-025BAED7E2AB}.Release|x64.ActiveCfg = Release|x86
		{6F0371D0-0BFE-4F60-922A-025BAED7E2AB}.Release|x86.ActiveCfg = Release|x86
		{6F0371D0-0BFE-4F60-922A-025BAED7E2AB}.Release|x86.Build.0 = Release|x86
		{39244D92-E19E-485E-91D8-27F77318C538}.Debug|Any CPU.ActiveCfg = Debug|x86
		{39244D92-E19E-485E-91D8-27F77318C538}.Debug|Mixed Platforms.ActiveCfg = Debug|x86
		{39244D92-E19E-485E-91D8-27F77318C538}.Debug|x64.ActiveCfg = Debug|x86
		{39244D92-E19E-485E-91D8-27F77318C538}.Debug|x86.ActiveCfg = Debug|x86
		{39244D92-E19E-485E-91D8-27F77318C538}.Debug|x86.Build.0 = Debug|x86
		{39244D92-E19E-485E-91D8-27F77318C538}.Release|Any CPU.ActiveCfg = Release|x86
		{39244D92-E19E-485E-91D8-27F77318C538}.Release|Mixed Platforms.ActiveCfg = Release|x86
		{39244D92-E19E-485E-91D8-27F77318C538}.Release|Mixed Platforms.Build.0 = Release|x86
		{39244D92-E19E-485E-91D8-27F77318C538}.Release|x64.ActiveCfg = Release|x86
		{39244D92-E19E-485E-91D8-27F77318C538}.Release|x86.ActiveCfg = Release|x86
		{39244D92-E19E-485E-91D8-27F77318C538}.Release|x86.Build.0 = Release|x86
		{C3AC7280-48A6-4E4D-A8D3-BFE3AA157D63}.Debug|Any CPU.ActiveCfg = Debug|x86
		{C3AC7280-48A6-4E4D-A8D3-BFE3AA157D63}.Debug|Mixed Platforms.ActiveCfg = Debug|x86
		{C3AC7280-48A6-4E4D-A8D3-BFE3AA157D63}.Debug|x64.ActiveCfg = Debug|x86
		{C3AC7280-48A6-4E4D-A8D3-BFE3AA157D63}.Debug|x86.ActiveCfg = Debug|x86
		{C3AC7280-48A6-4E4D-A8D3-BFE3AA157D63}.Debug|x86.Build.0 = Debug|x86
		{C3AC7280-48A6-4E4D-A8D3-BFE3AA157D63}.Release|Any CPU.ActiveCfg = Release|x86
		{C3AC7280-48A6-4E4D-A8D3-BFE3AA157D63}.Release|Mixed Platforms.ActiveCfg = Release|x86
		{C3AC7280-48A6-4E4D-A8D3-BFE3AA157D63}.Release|Mixed Platforms.Build.0 = Release|x86
		{C3AC7280-48A6-4E4D-A8D3-BFE3AA157D63}.Release|x64.ActiveCfg = Release|x86
		{C3AC7280-48A6-4E4D-A8D3-BFE3AA157D63}.Release|x86.ActiveCfg = Release|x86
		{C3AC7280-48A6-4E4D-A8D3-BFE3AA157D63}.Release|x86.Build.0 = Release|x86
		{DB6622A6-81EF-4224-B923-B0786774251A}.Debug|Any CPU.ActiveCfg = Debug|x86
		{DB6622A6-81EF-4224-B923-B0786774251A}.Debug|Mixed Platforms.ActiveCfg = Debug|x86
		{DB6622A6-81EF-4224-B923-B0786774251A}.Debug|x64.ActiveCfg = Debug|x86
		{DB6622A6-81EF-4224-B923-B0786774251A}.Debug|x86.ActiveCfg = Debug|x86
		{DB6622A6-81EF-4224-B923-B0786774251A}.Debug|x86.Build.0 = Debug|x86
		{DB6622A6-81EF-4224-B923-B0786774251A}.Release|Any CPU.ActiveCfg = Release|x86
		{DB6622A6-81EF-4224-B923-B0786774251A}.Release|Mixed Platforms.ActiveCfg = Release|x86
		{DB6622A6-81EF-4224-B923-B0786774251A}.Release|Mixed Platforms.Build.0 = Release|x86
		{DB6622A6-81EF-4224-B923-B0786774251A}.Release|x64.ActiveCfg = Release|x86
		{DB6622A6-81EF-4224-B923-B0786774251A}.Release|x86.ActiveCfg = Release|x86
		{DB6622A6-81EF-4224-B923-B0786774251A}.Release|x86.Build.0 = Release|x86
		{B52499B0-F94D-47BB-8D45-C7480F2A4635}.Debug|Any CPU.ActiveCfg = Debug|x86
		{B52499B0-F94D-47BB-8D45-C7480F2A4635}.Debug|Mixed Platforms.ActiveCfg = Debug|x86
		{B52499B0-F94D-47BB-8D45-C7480F2A4635}.Debug|x64.ActiveCfg = Debug|x86
		{B52499B0-F94D-47BB-8D45-C7480F2A4635}.Debug|x86.ActiveCfg = Debug|x86
		{B52499B0-F94D-47BB-8D45-C7480F2A4635}.Debug|x86.Build.0 = Debug|x86
		{B52499B0-F94D-47BB-8D45-C7480F2A4635}.Release|Any CPU.ActiveCfg = Release|x86
		{B52499B0-F94D-47BB-8D45-C7480F2A4635}.Release|Mixed Platforms.ActiveCfg = Release|x86
		{B52499B0-F94D-47BB-8D45-C7480F2A4635}.Release|Mixed Platforms.Build.0 = Release|x86
		{B52499B0-F94D-47BB-8D45-C7480F2A4635}.Release|x64.ActiveCfg = Release|x86
		{B52499B0-F94D-47BB-8D45-C7480F2A4635}.Release|x86.ActiveCfg = Release|x86
		{B52499B0-F94D-47BB-8D45-C7480F2A4635}.Release|x86.Build.0 = Release|x86
		{6E4B8294-DD9F-4237-8B80-57EA64B37183}.Debug|Any CPU.ActiveCfg = Debug|Any CPU
		{6E4B8294-DD9F-4237-8B80-57EA64B37183}.Debug|Any CPU.Build.0 = Debug|Any CPU
		{6E4B8294-DD9F-4237-8B80-57EA64B37183}.Debug|Mixed Platforms.ActiveCfg = Debug|Any CPU
		{6E4B8294-DD9F-4237-8B80-57EA64B37183}.Debug|Mixed Platforms.Build.0 = Debug|Any CPU
		{6E4B8294-DD9F-4237-8B80-57EA64B37183}.Debug|x64.ActiveCfg = Debug|Any CPU
		{6E4B8294-DD9F-4237-8B80-57EA64B37183}.Debug|x86.ActiveCfg = Debug|Any CPU
		{6E4B8294-DD9F-4237-8B80-57EA64B37183}.Release|Any CPU.ActiveCfg = Release|Any CPU
		{6E4B8294-DD9F-4237-8B80-57EA64B37183}.Release|Any CPU.Build.0 = Release|Any CPU
		{6E4B8294-DD9F-4237-8B80-57EA64B37183}.Release|Mixed Platforms.ActiveCfg = Release|Any CPU
		{6E4B8294-DD9F-4237-8B80-57EA64B37183}.Release|Mixed Platforms.Build.0 = Release|Any CPU
		{6E4B8294-DD9F-4237-8B80-57EA64B37183}.Release|x64.ActiveCfg = Release|Any CPU
		{6E4B8294-DD9F-4237-8B80-57EA64B37183}.Release|x86.ActiveCfg = Release|Any CPU
		{D80F65B2-445B-4354-854D-BC2B2420E841}.Debug|Any CPU.ActiveCfg = Debug|x86
		{D80F65B2-445B-4354-854D-BC2B2420E841}.Debug|Mixed Platforms.ActiveCfg = Debug|x86
		{D80F65B2-445B-4354-854D-BC2B2420E841}.Debug|x64.ActiveCfg = Debug|x86
		{D80F65B2-445B-4354-854D-BC2B2420E841}.Debug|x86.ActiveCfg = Debug|x86
		{D80F65B2-445B-4354-854D-BC2B2420E841}.Debug|x86.Build.0 = Debug|x86
		{D80F65B2-445B-4354-854D-BC2B2420E841}.Release|Any CPU.ActiveCfg = Release|x86
		{D80F65B2-445B-4354-854D-BC2B2420E841}.Release|Mixed Platforms.ActiveCfg = Release|x86
		{D80F65B2-445B-4354-854D-BC2B2420E841}.Release|Mixed Platforms.Build.0 = Release|x86
		{D80F65B2-445B-4354-854D-BC2B2420E841}.Release|x64.ActiveCfg = Release|x86
		{D80F65B2-445B-4354-854D-BC2B2420E841}.Release|x86.ActiveCfg = Release|x86
		{D80F65B2-445B-4354-854D-BC2B2420E841}.Release|x86.Build.0 = Release|x86
		{C76E48B7-6901-4911-B227-05A1D4ED051E}.Debug|Any CPU.ActiveCfg = Debug|Any CPU
		{C76E48B7-6901-4911-B227-05A1D4ED051E}.Debug|Any CPU.Build.0 = Debug|Any CPU
		{C76E48B7-6901-4911-B227-05A1D4ED051E}.Debug|Mixed Platforms.ActiveCfg = Debug|Any CPU
		{C76E48B7-6901-4911-B227-05A1D4ED051E}.Debug|x64.ActiveCfg = Debug|Any CPU
		{C76E48B7-6901-4911-B227-05A1D4ED051E}.Debug|x86.ActiveCfg = Debug|Any CPU
		{C76E48B7-6901-4911-B227-05A1D4ED051E}.Release|Any CPU.ActiveCfg = Release|Any CPU
		{C76E48B7-6901-4911-B227-05A1D4ED051E}.Release|Any CPU.Build.0 = Release|Any CPU
		{C76E48B7-6901-4911-B227-05A1D4ED051E}.Release|Mixed Platforms.ActiveCfg = Release|Any CPU
		{C76E48B7-6901-4911-B227-05A1D4ED051E}.Release|Mixed Platforms.Build.0 = Release|Any CPU
		{C76E48B7-6901-4911-B227-05A1D4ED051E}.Release|x64.ActiveCfg = Release|Any CPU
		{C76E48B7-6901-4911-B227-05A1D4ED051E}.Release|x86.ActiveCfg = Release|Any CPU
		{80137B1D-0935-41BA-8669-72675A86614E}.Debug|Any CPU.ActiveCfg = Debug|x86
		{80137B1D-0935-41BA-8669-72675A86614E}.Debug|Mixed Platforms.ActiveCfg = Debug|x86
		{80137B1D-0935-41BA-8669-72675A86614E}.Debug|x64.ActiveCfg = Debug|x86
		{80137B1D-0935-41BA-8669-72675A86614E}.Debug|x86.ActiveCfg = Debug|x86
		{80137B1D-0935-41BA-8669-72675A86614E}.Debug|x86.Build.0 = Debug|x86
		{80137B1D-0935-41BA-8669-72675A86614E}.Release|Any CPU.ActiveCfg = Release|x86
		{80137B1D-0935-41BA-8669-72675A86614E}.Release|Mixed Platforms.ActiveCfg = Release|x86
		{80137B1D-0935-41BA-8669-72675A86614E}.Release|Mixed Platforms.Build.0 = Release|x86
		{80137B1D-0935-41BA-8669-72675A86614E}.Release|x64.ActiveCfg = Release|x86
		{80137B1D-0935-41BA-8669-72675A86614E}.Release|x86.ActiveCfg = Release|x86
		{80137B1D-0935-41BA-8669-72675A86614E}.Release|x86.Build.0 = Release|x86
		{62FFB6DC-D03F-433D-B0D4-8CC1FBCA4F62}.Debug|Any CPU.ActiveCfg = Debug|x86
		{62FFB6DC-D03F-433D-B0D4-8CC1FBCA4F62}.Debug|Mixed Platforms.ActiveCfg = Debug|x86
		{62FFB6DC-D03F-433D-B0D4-8CC1FBCA4F62}.Debug|x64.ActiveCfg = Debug|x86
		{62FFB6DC-D03F-433D-B0D4-8CC1FBCA4F62}.Debug|x86.ActiveCfg = Debug|x86
		{62FFB6DC-D03F-433D-B0D4-8CC1FBCA4F62}.Debug|x86.Build.0 = Debug|x86
		{62FFB6DC-D03F-433D-B0D4-8CC1FBCA4F62}.Release|Any CPU.ActiveCfg = Release|x86
		{62FFB6DC-D03F-433D-B0D4-8CC1FBCA4F62}.Release|Mixed Platforms.ActiveCfg = Release|x86
		{62FFB6DC-D03F-433D-B0D4-8CC1FBCA4F62}.Release|Mixed Platforms.Build.0 = Release|x86
		{62FFB6DC-D03F-433D-B0D4-8CC1FBCA4F62}.Release|x64.ActiveCfg = Release|x86
		{62FFB6DC-D03F-433D-B0D4-8CC1FBCA4F62}.Release|x86.ActiveCfg = Release|x86
		{62FFB6DC-D03F-433D-B0D4-8CC1FBCA4F62}.Release|x86.Build.0 = Release|x86
		{1BBC56BE-623F-423D-AB80-6EE599356D6D}.Debug|Any CPU.ActiveCfg = Debug|Any CPU
		{1BBC56BE-623F-423D-AB80-6EE599356D6D}.Debug|Any CPU.Build.0 = Debug|Any CPU
		{1BBC56BE-623F-423D-AB80-6EE599356D6D}.Debug|Mixed Platforms.ActiveCfg = Debug|Any CPU
		{1BBC56BE-623F-423D-AB80-6EE599356D6D}.Debug|x64.ActiveCfg = Debug|Any CPU
		{1BBC56BE-623F-423D-AB80-6EE599356D6D}.Debug|x86.ActiveCfg = Debug|Any CPU
		{1BBC56BE-623F-423D-AB80-6EE599356D6D}.Release|Any CPU.ActiveCfg = Release|Any CPU
		{1BBC56BE-623F-423D-AB80-6EE599356D6D}.Release|Any CPU.Build.0 = Release|Any CPU
		{1BBC56BE-623F-423D-AB80-6EE599356D6D}.Release|Mixed Platforms.ActiveCfg = Release|Any CPU
		{1BBC56BE-623F-423D-AB80-6EE599356D6D}.Release|Mixed Platforms.Build.0 = Release|Any CPU
		{1BBC56BE-623F-423D-AB80-6EE599356D6D}.Release|x64.ActiveCfg = Release|Any CPU
		{1BBC56BE-623F-423D-AB80-6EE599356D6D}.Release|x86.ActiveCfg = Release|Any CPU
		{F2CF4237-26B0-4785-8897-F762C4092D09}.Debug|Any CPU.ActiveCfg = Debug|Any CPU
		{F2CF4237-26B0-4785-8897-F762C4092D09}.Debug|Any CPU.Build.0 = Debug|Any CPU
		{F2CF4237-26B0-4785-8897-F762C4092D09}.Debug|Mixed Platforms.ActiveCfg = Debug|Any CPU
		{F2CF4237-26B0-4785-8897-F762C4092D09}.Debug|Mixed Platforms.Build.0 = Debug|Any CPU
		{F2CF4237-26B0-4785-8897-F762C4092D09}.Debug|x64.ActiveCfg = Debug|Any CPU
		{F2CF4237-26B0-4785-8897-F762C4092D09}.Debug|x86.ActiveCfg = Debug|Any CPU
		{F2CF4237-26B0-4785-8897-F762C4092D09}.Release|Any CPU.ActiveCfg = Release|Any CPU
		{F2CF4237-26B0-4785-8897-F762C4092D09}.Release|Any CPU.Build.0 = Release|Any CPU
		{F2CF4237-26B0-4785-8897-F762C4092D09}.Release|Mixed Platforms.ActiveCfg = Release|Any CPU
		{F2CF4237-26B0-4785-8897-F762C4092D09}.Release|Mixed Platforms.Build.0 = Release|Any CPU
		{F2CF4237-26B0-4785-8897-F762C4092D09}.Release|x64.ActiveCfg = Release|Any CPU
		{F2CF4237-26B0-4785-8897-F762C4092D09}.Release|x86.ActiveCfg = Release|Any CPU
		{9DE36EB2-437D-4F94-97E2-9585F98A5AB8}.Debug|Any CPU.ActiveCfg = Debug|x86
		{9DE36EB2-437D-4F94-97E2-9585F98A5AB8}.Debug|Mixed Platforms.ActiveCfg = Debug|x86
		{9DE36EB2-437D-4F94-97E2-9585F98A5AB8}.Debug|x64.ActiveCfg = Debug|x86
		{9DE36EB2-437D-4F94-97E2-9585F98A5AB8}.Debug|x86.ActiveCfg = Debug|x86
		{9DE36EB2-437D-4F94-97E2-9585F98A5AB8}.Debug|x86.Build.0 = Debug|x86
		{9DE36EB2-437D-4F94-97E2-9585F98A5AB8}.Release|Any CPU.ActiveCfg = Release|x86
		{9DE36EB2-437D-4F94-97E2-9585F98A5AB8}.Release|Mixed Platforms.ActiveCfg = Release|x86
		{9DE36EB2-437D-4F94-97E2-9585F98A5AB8}.Release|Mixed Platforms.Build.0 = Release|x86
		{9DE36EB2-437D-4F94-97E2-9585F98A5AB8}.Release|x64.ActiveCfg = Release|x86
		{9DE36EB2-437D-4F94-97E2-9585F98A5AB8}.Release|x86.ActiveCfg = Release|x86
		{9DE36EB2-437D-4F94-97E2-9585F98A5AB8}.Release|x86.Build.0 = Release|x86
		{E0261AE5-6224-474C-874A-6DA45140FC40}.Debug|Any CPU.ActiveCfg = Debug|x86
		{E0261AE5-6224-474C-874A-6DA45140FC40}.Debug|Mixed Platforms.ActiveCfg = Debug|x86
		{E0261AE5-6224-474C-874A-6DA45140FC40}.Debug|x64.ActiveCfg = Debug|x86
		{E0261AE5-6224-474C-874A-6DA45140FC40}.Debug|x86.ActiveCfg = Debug|x86
		{E0261AE5-6224-474C-874A-6DA45140FC40}.Debug|x86.Build.0 = Debug|x86
		{E0261AE5-6224-474C-874A-6DA45140FC40}.Release|Any CPU.ActiveCfg = Release|x86
		{E0261AE5-6224-474C-874A-6DA45140FC40}.Release|Mixed Platforms.ActiveCfg = Release|x86
		{E0261AE5-6224-474C-874A-6DA45140FC40}.Release|Mixed Platforms.Build.0 = Release|x86
		{E0261AE5-6224-474C-874A-6DA45140FC40}.Release|x64.ActiveCfg = Release|x86
		{E0261AE5-6224-474C-874A-6DA45140FC40}.Release|x86.ActiveCfg = Release|x86
		{E0261AE5-6224-474C-874A-6DA45140FC40}.Release|x86.Build.0 = Release|x86
		{80CA96E0-9A27-4DCA-853F-1C9C4F31C098}.Debug|Any CPU.ActiveCfg = Debug|x86
		{80CA96E0-9A27-4DCA-853F-1C9C4F31C098}.Debug|Mixed Platforms.ActiveCfg = Debug|x86
		{80CA96E0-9A27-4DCA-853F-1C9C4F31C098}.Debug|Mixed Platforms.Build.0 = Debug|x86
		{80CA96E0-9A27-4DCA-853F-1C9C4F31C098}.Debug|x64.ActiveCfg = Debug|x86
		{80CA96E0-9A27-4DCA-853F-1C9C4F31C098}.Debug|x86.ActiveCfg = Debug|x86
		{80CA96E0-9A27-4DCA-853F-1C9C4F31C098}.Debug|x86.Build.0 = Debug|x86
		{80CA96E0-9A27-4DCA-853F-1C9C4F31C098}.Release|Any CPU.ActiveCfg = Release|x86
		{80CA96E0-9A27-4DCA-853F-1C9C4F31C098}.Release|Mixed Platforms.ActiveCfg = Release|x86
		{80CA96E0-9A27-4DCA-853F-1C9C4F31C098}.Release|Mixed Platforms.Build.0 = Release|x86
		{80CA96E0-9A27-4DCA-853F-1C9C4F31C098}.Release|x64.ActiveCfg = Release|x86
		{80CA96E0-9A27-4DCA-853F-1C9C4F31C098}.Release|x86.ActiveCfg = Release|x86
		{80CA96E0-9A27-4DCA-853F-1C9C4F31C098}.Release|x86.Build.0 = Release|x86
	EndGlobalSection
	GlobalSection(SolutionProperties) = preSolution
		HideSolutionNode = FALSE
	EndGlobalSection
	GlobalSection(NestedProjects) = preSolution
		{EC843D73-217F-43E8-BDD4-BA1E7C16415E} = {1210E9E8-BFD2-4B7C-9E05-08CDDB25EC4D}
		{D822965E-8830-4021-9F33-450A2F47A713} = {1210E9E8-BFD2-4B7C-9E05-08CDDB25EC4D}
		{30F61554-14A1-46E0-9DF1-5E73C332FE81} = {AF02365E-79DA-466D-9F4B-4E8F072D3623}
		{D3387F55-F214-41F7-9B6E-D4776C653BF1} = {AF02365E-79DA-466D-9F4B-4E8F072D3623}
		{673D3B36-4757-4904-9C27-E3D5C5E507F5} = {F143562D-E938-4039-87CF-E19510B44BCE}
		{5E59EA6D-F2DC-4BD3-804D-41A9558FF04A} = {8194EA1B-4895-4E48-A822-F4E62947DB51}
		{6F0371D0-0BFE-4F60-922A-025BAED7E2AB} = {8194EA1B-4895-4E48-A822-F4E62947DB51}
		{39244D92-E19E-485E-91D8-27F77318C538} = {8194EA1B-4895-4E48-A822-F4E62947DB51}
		{C3AC7280-48A6-4E4D-A8D3-BFE3AA157D63} = {8194EA1B-4895-4E48-A822-F4E62947DB51}
		{DB6622A6-81EF-4224-B923-B0786774251A} = {F143562D-E938-4039-87CF-E19510B44BCE}
		{B52499B0-F94D-47BB-8D45-C7480F2A4635} = {8194EA1B-4895-4E48-A822-F4E62947DB51}
		{6E4B8294-DD9F-4237-8B80-57EA64B37183} = {F143562D-E938-4039-87CF-E19510B44BCE}
		{D80F65B2-445B-4354-854D-BC2B2420E841} = {8194EA1B-4895-4E48-A822-F4E62947DB51}
		{C76E48B7-6901-4911-B227-05A1D4ED051E} = {1210E9E8-BFD2-4B7C-9E05-08CDDB25EC4D}
		{80137B1D-0935-41BA-8669-72675A86614E} = {8194EA1B-4895-4E48-A822-F4E62947DB51}
		{62FFB6DC-D03F-433D-B0D4-8CC1FBCA4F62} = {1210E9E8-BFD2-4B7C-9E05-08CDDB25EC4D}
		{1BBC56BE-623F-423D-AB80-6EE599356D6D} = {1210E9E8-BFD2-4B7C-9E05-08CDDB25EC4D}
		{F2CF4237-26B0-4785-8897-F762C4092D09} = {1210E9E8-BFD2-4B7C-9E05-08CDDB25EC4D}
		{9DE36EB2-437D-4F94-97E2-9585F98A5AB8} = {8194EA1B-4895-4E48-A822-F4E62947DB51}
		{F143562D-E938-4039-87CF-E19510B44BCE} = {8194EA1B-4895-4E48-A822-F4E62947DB51}
		{E0261AE5-6224-474C-874A-6DA45140FC40} = {8194EA1B-4895-4E48-A822-F4E62947DB51}
		{80CA96E0-9A27-4DCA-853F-1C9C4F31C098} = {F143562D-E938-4039-87CF-E19510B44BCE}
	EndGlobalSection
EndGlobal
