
Microsoft Visual Studio Solution File, Format Version 11.00
# Visual Studio 2010
Project("{54435603-DBB4-11D2-8724-00A0C9A8B90C}") = "TMNInstaller", "TMNInstaller\TMNInstaller.vdproj", "{E4980108-31D2-49CF-8518-2027EA92CD25}"
EndProject
Global
	GlobalSection(SolutionConfigurationPlatforms) = preSolution
		Debug|Default = Debug|Default
		Release|Default = Release|Default
	EndGlobalSection
	GlobalSection(ProjectConfigurationPlatforms) = postSolution
		{E4980108-31D2-49CF-8518-2027EA92CD25}.Debug|Default.ActiveCfg = Debug
		{E4980108-31D2-49CF-8518-2027EA92CD25}.Debug|Default.Build.0 = Debug
		{E4980108-31D2-49CF-8518-2027EA92CD25}.Release|Default.ActiveCfg = Release
		{E4980108-31D2-49CF-8518-2027EA92CD25}.Release|Default.Build.0 = Release
	EndGlobalSection
	GlobalSection(SolutionProperties) = preSolution
		HideSolutionNode = FALSE
	EndGlobalSection
EndGlobal
